
Microsoft Visual Studio Solution File, Format Version 12.00
# Visual Studio Version 17
VisualStudioVersion = 17.8.34330.188
MinimumVisualStudioVersion = 10.0.40219.1
Project("{9A19103F-16F7-4668-BE54-9A1E7A4F7556}") = "HoldFlow", "HoldFlow\HoldFlow.csproj", "{C925EABF-949F-4C0C-BBBB-A36B2EBF04DD}"
EndProject
Project("{9A19103F-16F7-4668-BE54-9A1E7A4F7556}") = "HoldFlow.DataAccess", "HoldFlow.DataAccess\HoldFlow.DataAccess.csproj", "{9335996E-FCDD-4359-A99C-4F046FD95070}"
EndProject
Project("{9A19103F-16F7-4668-BE54-9A1E7A4F7556}") = "HoldFlow.Models", "HoldFlow.Models\HoldFlow.Models.csproj", "{60A119D3-76AC-4696-B045-C44F10CD6747}"
EndProject
Project("{FAE04EC0-301F-11D3-BF4B-00C04F79EFBC}") = "HoldFlow.BL", "HoldFlow.BL\HoldFlow.BL.csproj", "{A441BC19-A59C-4A67-8E64-4B075D32AE73}"
EndProject
Global
	GlobalSection(SolutionConfigurationPlatforms) = preSolution
		Debug|Any CPU = Debug|Any CPU
		Release|Any CPU = Release|Any CPU
	EndGlobalSection
	GlobalSection(ProjectConfigurationPlatforms) = postSolution
		{C925EABF-949F-4C0C-BBBB-A36B2EBF04DD}.Debug|Any CPU.ActiveCfg = Debug|Any CPU
		{C925EABF-949F-4C0C-BBBB-A36B2EBF04DD}.Debug|Any CPU.Build.0 = Debug|Any CPU
		{C925EABF-949F-4C0C-BBBB-A36B2EBF04DD}.Release|Any CPU.ActiveCfg = Release|Any CPU
		{C925EABF-949F-4C0C-BBBB-A36B2EBF04DD}.Release|Any CPU.Build.0 = Release|Any CPU
		{9335996E-FCDD-4359-A99C-4F046FD95070}.Debug|Any CPU.ActiveCfg = Debug|Any CPU
		{9335996E-FCDD-4359-A99C-4F046FD95070}.Debug|Any CPU.Build.0 = Debug|Any CPU
		{9335996E-FCDD-4359-A99C-4F046FD95070}.Release|Any CPU.ActiveCfg = Release|Any CPU
		{9335996E-FCDD-4359-A99C-4F046FD95070}.Release|Any CPU.Build.0 = Release|Any CPU
		{60A119D3-76AC-4696-B045-C44F10CD6747}.Debug|Any CPU.ActiveCfg = Debug|Any CPU
		{60A119D3-76AC-4696-B045-C44F10CD6747}.Debug|Any CPU.Build.0 = Debug|Any CPU
		{60A119D3-76AC-4696-B045-C44F10CD6747}.Release|Any CPU.ActiveCfg = Release|Any CPU
		{60A119D3-76AC-4696-B045-C44F10CD6747}.Release|Any CPU.Build.0 = Release|Any CPU
		{A441BC19-A59C-4A67-8E64-4B075D32AE73}.Debug|Any CPU.ActiveCfg = Debug|Any CPU
		{A441BC19-A59C-4A67-8E64-4B075D32AE73}.Debug|Any CPU.Build.0 = Debug|Any CPU
		{A441BC19-A59C-4A67-8E64-4B075D32AE73}.Release|Any CPU.ActiveCfg = Release|Any CPU
		{A441BC19-A59C-4A67-8E64-4B075D32AE73}.Release|Any CPU.Build.0 = Release|Any CPU
	EndGlobalSection
	GlobalSection(SolutionProperties) = preSolution
		HideSolutionNode = FALSE
	EndGlobalSection
	GlobalSection(ExtensibilityGlobals) = postSolution
		SolutionGuid = {C6360B7C-D448-4614-8A77-772A04E99387}
	EndGlobalSection
EndGlobal
