
Microsoft Visual Studio Solution File, Format Version 12.00
# Visual Studio Version 17
VisualStudioVersion = 17.8.34330.188
MinimumVisualStudioVersion = 10.0.40219.1
Project("{FAE04EC0-301F-11D3-BF4B-00C04F79EFBC}") = "HoldFlow", "HoldFlow\HoldFlow.csproj", "{C925EABF-949F-4C0C-BBBB-A36B2EBF04DD}"
EndProject
Global
	GlobalSection(SolutionConfigurationPlatforms) = preSolution
		Debug|Any CPU = Debug|Any CPU
		Release|Any CPU = Release|Any CPU
	EndGlobalSection
	GlobalSection(ProjectConfigurationPlatforms) = postSolution
		{C925EABF-949F-4C0C-BBBB-A36B2EBF04DD}.Debug|Any CPU.ActiveCfg = Debug|Any CPU
		{C925EABF-949F-4C0C-BBBB-A36B2EBF04DD}.Debug|Any CPU.Build.0 = Debug|Any CPU
		{C925EABF-949F-4C0C-BBBB-A36B2EBF04DD}.Release|Any CPU.ActiveCfg = Release|Any CPU
		{C925EABF-949F-4C0C-BBBB-A36B2EBF04DD}.Release|Any CPU.Build.0 = Release|Any CPU
	EndGlobalSection
	GlobalSection(SolutionProperties) = preSolution
		HideSolutionNode = FALSE
	EndGlobalSection
	GlobalSection(ExtensibilityGlobals) = postSolution
		SolutionGuid = {C6360B7C-D448-4614-8A77-772A04E99387}
	EndGlobalSection
EndGlobal
